// !$*UTF8*$!
{
	archiveVersion = 1;
	classes = {
	};
	objectVersion = 48;
	objects = {

/* Begin PBXBuildFile section */
		2643537F20C928C600A677C8 /* AppDelegate.m in Sources */ = {isa = PBXBuildFile; fileRef = 2643537E20C928C600A677C8 /* AppDelegate.m */; };
		2643538220C928C600A677C8 /* ViewController.m in Sources */ = {isa = PBXBuildFile; fileRef = 2643538120C928C600A677C8 /* ViewController.m */; };
		2643538520C928C600A677C8 /* Main.storyboard in Resources */ = {isa = PBXBuildFile; fileRef = 2643538320C928C600A677C8 /* Main.storyboard */; };
		2643538720C928C600A677C8 /* Assets.xcassets in Resources */ = {isa = PBXBuildFile; fileRef = 2643538620C928C600A677C8 /* Assets.xcassets */; };
		2643538A20C928C600A677C8 /* LaunchScreen.storyboard in Resources */ = {isa = PBXBuildFile; fileRef = 2643538820C928C600A677C8 /* LaunchScreen.storyboard */; };
		2643538D20C928C600A677C8 /* main.m in Sources */ = {isa = PBXBuildFile; fileRef = 2643538C20C928C600A677C8 /* main.m */; };
		2643539720C928C600A677C8 /* ___________Tests.m in Sources */ = {isa = PBXBuildFile; fileRef = 2643539620C928C600A677C8 /* ___________Tests.m */; };
		264353A220C928C600A677C8 /* ___________UITests.m in Sources */ = {isa = PBXBuildFile; fileRef = 264353A120C928C600A677C8 /* ___________UITests.m */; };
		264353B320C9292D00A677C8 /* CircleProgressView.m in Sources */ = {isa = PBXBuildFile; fileRef = 264353B220C9292D00A677C8 /* CircleProgressView.m */; };
/* End PBXBuildFile section */

/* Begin PBXContainerItemProxy section */
		2643539320C928C600A677C8 /* PBXContainerItemProxy */ = {
			isa = PBXContainerItemProxy;
			containerPortal = 2643537220C928C500A677C8 /* Project object */;
			proxyType = 1;
			remoteGlobalIDString = 2643537920C928C500A677C8;
			remoteInfo = "环形颜色渐变进度条制作";
		};
		2643539E20C928C600A677C8 /* PBXContainerItemProxy */ = {
			isa = PBXContainerItemProxy;
			containerPortal = 2643537220C928C500A677C8 /* Project object */;
			proxyType = 1;
			remoteGlobalIDString = 2643537920C928C500A677C8;
			remoteInfo = "环形颜色渐变进度条制作";
		};
/* End PBXContainerItemProxy section */

/* Begin PBXFileReference section */
		2643537A20C928C500A677C8 /* 环形颜色渐变进度条制作.app */ = {isa = PBXFileReference; explicitFileType = wrapper.application; includeInIndex = 0; path = "环形颜色渐变进度条制作.app"; sourceTree = BUILT_PRODUCTS_DIR; };
		2643537D20C928C500A677C8 /* AppDelegate.h */ = {isa = PBXFileReference; lastKnownFileType = sourcecode.c.h; path = AppDelegate.h; sourceTree = "<group>"; };
		2643537E20C928C600A677C8 /* AppDelegate.m */ = {isa = PBXFileReference; lastKnownFileType = sourcecode.c.objc; path = AppDelegate.m; sourceTree = "<group>"; };
		2643538020C928C600A677C8 /* ViewController.h */ = {isa = PBXFileReference; lastKnownFileType = sourcecode.c.h; path = ViewController.h; sourceTree = "<group>"; };
		2643538120C928C600A677C8 /* ViewController.m */ = {isa = PBXFileReference; lastKnownFileType = sourcecode.c.objc; path = ViewController.m; sourceTree = "<group>"; };
		2643538420C928C600A677C8 /* Base */ = {isa = PBXFileReference; lastKnownFileType = file.storyboard; name = Base; path = Base.lproj/Main.storyboard; sourceTree = "<group>"; };
		2643538620C928C600A677C8 /* Assets.xcassets */ = {isa = PBXFileReference; lastKnownFileType = folder.assetcatalog; path = Assets.xcassets; sourceTree = "<group>"; };
		2643538920C928C600A677C8 /* Base */ = {isa = PBXFileReference; lastKnownFileType = file.storyboard; name = Base; path = Base.lproj/LaunchScreen.storyboard; sourceTree = "<group>"; };
		2643538B20C928C600A677C8 /* Info.plist */ = {isa = PBXFileReference; lastKnownFileType = text.plist.xml; path = Info.plist; sourceTree = "<group>"; };
		2643538C20C928C600A677C8 /* main.m */ = {isa = PBXFileReference; lastKnownFileType = sourcecode.c.objc; path = main.m; sourceTree = "<group>"; };
		2643539220C928C600A677C8 /* 环形颜色渐变进度条制作Tests.xctest */ = {isa = PBXFileReference; explicitFileType = wrapper.cfbundle; includeInIndex = 0; path = "环形颜色渐变进度条制作Tests.xctest"; sourceTree = BUILT_PRODUCTS_DIR; };
		2643539620C928C600A677C8 /* ___________Tests.m */ = {isa = PBXFileReference; lastKnownFileType = sourcecode.c.objc; path = "___________Tests.m"; sourceTree = "<group>"; };
		2643539820C928C600A677C8 /* Info.plist */ = {isa = PBXFileReference; lastKnownFileType = text.plist.xml; path = Info.plist; sourceTree = "<group>"; };
		2643539D20C928C600A677C8 /* 环形颜色渐变进度条制作UITests.xctest */ = {isa = PBXFileReference; explicitFileType = wrapper.cfbundle; includeInIndex = 0; path = "环形颜色渐变进度条制作UITests.xctest"; sourceTree = BUILT_PRODUCTS_DIR; };
		264353A120C928C600A677C8 /* ___________UITests.m */ = {isa = PBXFileReference; lastKnownFileType = sourcecode.c.objc; path = "___________UITests.m"; sourceTree = "<group>"; };
		264353A320C928C600A677C8 /* Info.plist */ = {isa = PBXFileReference; lastKnownFileType = text.plist.xml; path = Info.plist; sourceTree = "<group>"; };
		264353B120C9292D00A677C8 /* CircleProgressView.h */ = {isa = PBXFileReference; lastKnownFileType = sourcecode.c.h; path = CircleProgressView.h; sourceTree = "<group>"; };
		264353B220C9292D00A677C8 /* CircleProgressView.m */ = {isa = PBXFileReference; lastKnownFileType = sourcecode.c.objc; path = CircleProgressView.m; sourceTree = "<group>"; };
/* End PBXFileReference section */

/* Begin PBXFrameworksBuildPhase section */
		2643537720C928C500A677C8 /* Frameworks */ = {
			isa = PBXFrameworksBuildPhase;
			buildActionMask = 2147483647;
			files = (
			);
			runOnlyForDeploymentPostprocessing = 0;
		};
		2643538F20C928C600A677C8 /* Frameworks */ = {
			isa = PBXFrameworksBuildPhase;
			buildActionMask = 2147483647;
			files = (
			);
			runOnlyForDeploymentPostprocessing = 0;
		};
		2643539A20C928C600A677C8 /* Frameworks */ = {
			isa = PBXFrameworksBuildPhase;
			buildActionMask = 2147483647;
			files = (
			);
			runOnlyForDeploymentPostprocessing = 0;
		};
/* End PBXFrameworksBuildPhase section */

/* Begin PBXGroup section */
		2643537120C928C500A677C8 = {
			isa = PBXGroup;
			children = (
				2643537C20C928C500A677C8 /* 环形颜色渐变进度条制作 */,
				2643539520C928C600A677C8 /* 环形颜色渐变进度条制作Tests */,
				264353A020C928C600A677C8 /* 环形颜色渐变进度条制作UITests */,
				2643537B20C928C500A677C8 /* Products */,
			);
			sourceTree = "<group>";
		};
		2643537B20C928C500A677C8 /* Products */ = {
			isa = PBXGroup;
			children = (
				2643537A20C928C500A677C8 /* 环形颜色渐变进度条制作.app */,
				2643539220C928C600A677C8 /* 环形颜色渐变进度条制作Tests.xctest */,
				2643539D20C928C600A677C8 /* 环形颜色渐变进度条制作UITests.xctest */,
			);
			name = Products;
			sourceTree = "<group>";
		};
		2643537C20C928C500A677C8 /* 环形颜色渐变进度条制作 */ = {
			isa = PBXGroup;
			children = (
				264353B020C928FD00A677C8 /* CircleProgress(环形进度条) */,
				264353AF20C928E300A677C8 /* System(系统) */,
				2643538B20C928C600A677C8 /* Info.plist */,
			);
			path = "环形颜色渐变进度条制作";
			sourceTree = "<group>";
		};
		2643539520C928C600A677C8 /* 环形颜色渐变进度条制作Tests */ = {
			isa = PBXGroup;
			children = (
				2643539620C928C600A677C8 /* ___________Tests.m */,
				2643539820C928C600A677C8 /* Info.plist */,
			);
			path = "环形颜色渐变进度条制作Tests";
			sourceTree = "<group>";
		};
		264353A020C928C600A677C8 /* 环形颜色渐变进度条制作UITests */ = {
			isa = PBXGroup;
			children = (
				264353A120C928C600A677C8 /* ___________UITests.m */,
				264353A320C928C600A677C8 /* Info.plist */,
			);
			path = "环形颜色渐变进度条制作UITests";
			sourceTree = "<group>";
		};
		264353AF20C928E300A677C8 /* System(系统) */ = {
			isa = PBXGroup;
			children = (
				2643537D20C928C500A677C8 /* AppDelegate.h */,
				2643537E20C928C600A677C8 /* AppDelegate.m */,
				2643538020C928C600A677C8 /* ViewController.h */,
				2643538120C928C600A677C8 /* ViewController.m */,
				2643538320C928C600A677C8 /* Main.storyboard */,
				2643538620C928C600A677C8 /* Assets.xcassets */,
				2643538820C928C600A677C8 /* LaunchScreen.storyboard */,
				2643538C20C928C600A677C8 /* main.m */,
			);
			path = "System(系统)";
			sourceTree = "<group>";
		};
		264353B020C928FD00A677C8 /* CircleProgress(环形进度条) */ = {
			isa = PBXGroup;
			children = (
				264353B120C9292D00A677C8 /* CircleProgressView.h */,
				264353B220C9292D00A677C8 /* CircleProgressView.m */,
			);
			path = "CircleProgress(环形进度条)";
			sourceTree = "<group>";
		};
/* End PBXGroup section */

/* Begin PBXNativeTarget section */
		2643537920C928C500A677C8 /* 环形颜色渐变进度条制作 */ = {
			isa = PBXNativeTarget;
			buildConfigurationList = 264353A620C928C600A677C8 /* Build configuration list for PBXNativeTarget "环形颜色渐变进度条制作" */;
			buildPhases = (
				2643537620C928C500A677C8 /* Sources */,
				2643537720C928C500A677C8 /* Frameworks */,
				2643537820C928C500A677C8 /* Resources */,
			);
			buildRules = (
			);
			dependencies = (
			);
			name = "环形颜色渐变进度条制作";
			productName = "环形颜色渐变进度条制作";
			productReference = 2643537A20C928C500A677C8 /* 环形颜色渐变进度条制作.app */;
			productType = "com.apple.product-type.application";
		};
		2643539120C928C600A677C8 /* 环形颜色渐变进度条制作Tests */ = {
			isa = PBXNativeTarget;
			buildConfigurationList = 264353A920C928C600A677C8 /* Build configuration list for PBXNativeTarget "环形颜色渐变进度条制作Tests" */;
			buildPhases = (
				2643538E20C928C600A677C8 /* Sources */,
				2643538F20C928C600A677C8 /* Frameworks */,
				2643539020C928C600A677C8 /* Resources */,
			);
			buildRules = (
			);
			dependencies = (
				2643539420C928C600A677C8 /* PBXTargetDependency */,
			);
			name = "环形颜色渐变进度条制作Tests";
			productName = "环形颜色渐变进度条制作Tests";
			productReference = 2643539220C928C600A677C8 /* 环形颜色渐变进度条制作Tests.xctest */;
			productType = "com.apple.product-type.bundle.unit-test";
		};
		2643539C20C928C600A677C8 /* 环形颜色渐变进度条制作UITests */ = {
			isa = PBXNativeTarget;
			buildConfigurationList = 264353AC20C928C600A677C8 /* Build configuration list for PBXNativeTarget "环形颜色渐变进度条制作UITests" */;
			buildPhases = (
				2643539920C928C600A677C8 /* Sources */,
				2643539A20C928C600A677C8 /* Frameworks */,
				2643539B20C928C600A677C8 /* Resources */,
			);
			buildRules = (
			);
			dependencies = (
				2643539F20C928C600A677C8 /* PBXTargetDependency */,
			);
			name = "环形颜色渐变进度条制作UITests";
			productName = "环形颜色渐变进度条制作UITests";
			productReference = 2643539D20C928C600A677C8 /* 环形颜色渐变进度条制作UITests.xctest */;
			productType = "com.apple.product-type.bundle.ui-testing";
		};
/* End PBXNativeTarget section */

/* Begin PBXProject section */
		2643537220C928C500A677C8 /* Project object */ = {
			isa = PBXProject;
			attributes = {
				LastUpgradeCheck = 0920;
				ORGANIZATIONNAME = zwl;
				TargetAttributes = {
					2643537920C928C500A677C8 = {
						CreatedOnToolsVersion = 9.2;
						ProvisioningStyle = Automatic;
					};
					2643539120C928C600A677C8 = {
						CreatedOnToolsVersion = 9.2;
						ProvisioningStyle = Automatic;
						TestTargetID = 2643537920C928C500A677C8;
					};
					2643539C20C928C600A677C8 = {
						CreatedOnToolsVersion = 9.2;
						ProvisioningStyle = Automatic;
						TestTargetID = 2643537920C928C500A677C8;
					};
				};
			};
			buildConfigurationList = 2643537520C928C500A677C8 /* Build configuration list for PBXProject "环形颜色渐变进度条制作" */;
			compatibilityVersion = "Xcode 8.0";
			developmentRegion = en;
			hasScannedForEncodings = 0;
			knownRegions = (
				en,
				Base,
			);
			mainGroup = 2643537120C928C500A677C8;
			productRefGroup = 2643537B20C928C500A677C8 /* Products */;
			projectDirPath = "";
			projectRoot = "";
			targets = (
				2643537920C928C500A677C8 /* 环形颜色渐变进度条制作 */,
				2643539120C928C600A677C8 /* 环形颜色渐变进度条制作Tests */,
				2643539C20C928C600A677C8 /* 环形颜色渐变进度条制作UITests */,
			);
		};
/* End PBXProject section */

/* Begin PBXResourcesBuildPhase section */
		2643537820C928C500A677C8 /* Resources */ = {
			isa = PBXResourcesBuildPhase;
			buildActionMask = 2147483647;
			files = (
				2643538A20C928C600A677C8 /* LaunchScreen.storyboard in Resources */,
				2643538720C928C600A677C8 /* Assets.xcassets in Resources */,
				2643538520C928C600A677C8 /* Main.storyboard in Resources */,
			);
			runOnlyForDeploymentPostprocessing = 0;
		};
		2643539020C928C600A677C8 /* Resources */ = {
			isa = PBXResourcesBuildPhase;
			buildActionMask = 2147483647;
			files = (
			);
			runOnlyForDeploymentPostprocessing = 0;
		};
		2643539B20C928C600A677C8 /* Resources */ = {
			isa = PBXResourcesBuildPhase;
			buildActionMask = 2147483647;
			files = (
			);
			runOnlyForDeploymentPostprocessing = 0;
		};
/* End PBXResourcesBuildPhase section */

/* Begin PBXSourcesBuildPhase section */
		2643537620C928C500A677C8 /* Sources */ = {
			isa = PBXSourcesBuildPhase;
			buildActionMask = 2147483647;
			files = (
				2643538220C928C600A677C8 /* ViewController.m in Sources */,
				264353B320C9292D00A677C8 /* CircleProgressView.m in Sources */,
				2643538D20C928C600A677C8 /* main.m in Sources */,
				2643537F20C928C600A677C8 /* AppDelegate.m in Sources */,
			);
			runOnlyForDeploymentPostprocessing = 0;
		};
		2643538E20C928C600A677C8 /* Sources */ = {
			isa = PBXSourcesBuildPhase;
			buildActionMask = 2147483647;
			files = (
				2643539720C928C600A677C8 /* ___________Tests.m in Sources */,
			);
			runOnlyForDeploymentPostprocessing = 0;
		};
		2643539920C928C600A677C8 /* Sources */ = {
			isa = PBXSourcesBuildPhase;
			buildActionMask = 2147483647;
			files = (
				264353A220C928C600A677C8 /* ___________UITests.m in Sources */,
			);
			runOnlyForDeploymentPostprocessing = 0;
		};
/* End PBXSourcesBuildPhase section */

/* Begin PBXTargetDependency section */
		2643539420C928C600A677C8 /* PBXTargetDependency */ = {
			isa = PBXTargetDependency;
			target = 2643537920C928C500A677C8 /* 环形颜色渐变进度条制作 */;
			targetProxy = 2643539320C928C600A677C8 /* PBXContainerItemProxy */;
		};
		2643539F20C928C600A677C8 /* PBXTargetDependency */ = {
			isa = PBXTargetDependency;
			target = 2643537920C928C500A677C8 /* 环形颜色渐变进度条制作 */;
			targetProxy = 2643539E20C928C600A677C8 /* PBXContainerItemProxy */;
		};
/* End PBXTargetDependency section */

/* Begin PBXVariantGroup section */
		2643538320C928C600A677C8 /* Main.storyboard */ = {
			isa = PBXVariantGroup;
			children = (
				2643538420C928C600A677C8 /* Base */,
			);
			name = Main.storyboard;
			sourceTree = "<group>";
		};
		2643538820C928C600A677C8 /* LaunchScreen.storyboard */ = {
			isa = PBXVariantGroup;
			children = (
				2643538920C928C600A677C8 /* Base */,
			);
			name = LaunchScreen.storyboard;
			sourceTree = "<group>";
		};
/* End PBXVariantGroup section */

/* Begin XCBuildConfiguration section */
		264353A420C928C600A677C8 /* Debug */ = {
			isa = XCBuildConfiguration;
			buildSettings = {
				ALWAYS_SEARCH_USER_PATHS = NO;
				CLANG_ANALYZER_NONNULL = YES;
				CLANG_ANALYZER_NUMBER_OBJECT_CONVERSION = YES_AGGRESSIVE;
				CLANG_CXX_LANGUAGE_STANDARD = "gnu++14";
				CLANG_CXX_LIBRARY = "libc++";
				CLANG_ENABLE_MODULES = YES;
				CLANG_ENABLE_OBJC_ARC = YES;
				CLANG_WARN_BLOCK_CAPTURE_AUTORELEASING = YES;
				CLANG_WARN_BOOL_CONVERSION = YES;
				CLANG_WARN_COMMA = YES;
				CLANG_WARN_CONSTANT_CONVERSION = YES;
				CLANG_WARN_DIRECT_OBJC_ISA_USAGE = YES_ERROR;
				CLANG_WARN_DOCUMENTATION_COMMENTS = YES;
				CLANG_WARN_EMPTY_BODY = YES;
				CLANG_WARN_ENUM_CONVERSION = YES;
				CLANG_WARN_INFINITE_RECURSION = YES;
				CLANG_WARN_INT_CONVERSION = YES;
				CLANG_WARN_NON_LITERAL_NULL_CONVERSION = YES;
				CLANG_WARN_OBJC_LITERAL_CONVERSION = YES;
				CLANG_WARN_OBJC_ROOT_CLASS = YES_ERROR;
				CLANG_WARN_RANGE_LOOP_ANALYSIS = YES;
				CLANG_WARN_STRICT_PROTOTYPES = YES;
				CLANG_WARN_SUSPICIOUS_MOVE = YES;
				CLANG_WARN_UNGUARDED_AVAILABILITY = YES_AGGRESSIVE;
				CLANG_WARN_UNREACHABLE_CODE = YES;
				CLANG_WARN__DUPLICATE_METHOD_MATCH = YES;
				CODE_SIGN_IDENTITY = "iPhone Developer";
				COPY_PHASE_STRIP = NO;
				DEBUG_INFORMATION_FORMAT = dwarf;
				ENABLE_STRICT_OBJC_MSGSEND = YES;
				ENABLE_TESTABILITY = YES;
				GCC_C_LANGUAGE_STANDARD = gnu11;
				GCC_DYNAMIC_NO_PIC = NO;
				GCC_NO_COMMON_BLOCKS = YES;
				GCC_OPTIMIZATION_LEVEL = 0;
				GCC_PREPROCESSOR_DEFINITIONS = (
					"DEBUG=1",
					"$(inherited)",
				);
				GCC_WARN_64_TO_32_BIT_CONVERSION = YES;
				GCC_WARN_ABOUT_RETURN_TYPE = YES_ERROR;
				GCC_WARN_UNDECLARED_SELECTOR = YES;
				GCC_WARN_UNINITIALIZED_AUTOS = YES_AGGRESSIVE;
				GCC_WARN_UNUSED_FUNCTION = YES;
				GCC_WARN_UNUSED_VARIABLE = YES;
				IPHONEOS_DEPLOYMENT_TARGET = 11.2;
				MTL_ENABLE_DEBUG_INFO = YES;
				ONLY_ACTIVE_ARCH = YES;
				SDKROOT = iphoneos;
			};
			name = Debug;
		};
		264353A520C928C600A677C8 /* Release */ = {
			isa = XCBuildConfiguration;
			buildSettings = {
				ALWAYS_SEARCH_USER_PATHS = NO;
				CLANG_ANALYZER_NONNULL = YES;
				CLANG_ANALYZER_NUMBER_OBJECT_CONVERSION = YES_AGGRESSIVE;
				CLANG_CXX_LANGUAGE_STANDARD = "gnu++14";
				CLANG_CXX_LIBRARY = "libc++";
				CLANG_ENABLE_MODULES = YES;
				CLANG_ENABLE_OBJC_ARC = YES;
				CLANG_WARN_BLOCK_CAPTURE_AUTORELEASING = YES;
				CLANG_WARN_BOOL_CONVERSION = YES;
				CLANG_WARN_COMMA = YES;
				CLANG_WARN_CONSTANT_CONVERSION = YES;
				CLANG_WARN_DIRECT_OBJC_ISA_USAGE = YES_ERROR;
				CLANG_WARN_DOCUMENTATION_COMMENTS = YES;
				CLANG_WARN_EMPTY_BODY = YES;
				CLANG_WARN_ENUM_CONVERSION = YES;
				CLANG_WARN_INFINITE_RECURSION = YES;
				CLANG_WARN_INT_CONVERSION = YES;
				CLANG_WARN_NON_LITERAL_NULL_CONVERSION = YES;
				CLANG_WARN_OBJC_LITERAL_CONVERSION = YES;
				CLANG_WARN_OBJC_ROOT_CLASS = YES_ERROR;
				CLANG_WARN_RANGE_LOOP_ANALYSIS = YES;
				CLANG_WARN_STRICT_PROTOTYPES = YES;
				CLANG_WARN_SUSPICIOUS_MOVE = YES;
				CLANG_WARN_UNGUARDED_AVAILABILITY = YES_AGGRESSIVE;
				CLANG_WARN_UNREACHABLE_CODE = YES;
				CLANG_WARN__DUPLICATE_METHOD_MATCH = YES;
				CODE_SIGN_IDENTITY = "iPhone Developer";
				COPY_PHASE_STRIP = NO;
				DEBUG_INFORMATION_FORMAT = "dwarf-with-dsym";
				ENABLE_NS_ASSERTIONS = NO;
				ENABLE_STRICT_OBJC_MSGSEND = YES;
				GCC_C_LANGUAGE_STANDARD = gnu11;
				GCC_NO_COMMON_BLOCKS = YES;
				GCC_WARN_64_TO_32_BIT_CONVERSION = YES;
				GCC_WARN_ABOUT_RETURN_TYPE = YES_ERROR;
				GCC_WARN_UNDECLARED_SELECTOR = YES;
				GCC_WARN_UNINITIALIZED_AUTOS = YES_AGGRESSIVE;
				GCC_WARN_UNUSED_FUNCTION = YES;
				GCC_WARN_UNUSED_VARIABLE = YES;
				IPHONEOS_DEPLOYMENT_TARGET = 11.2;
				MTL_ENABLE_DEBUG_INFO = NO;
				SDKROOT = iphoneos;
				VALIDATE_PRODUCT = YES;
			};
			name = Release;
		};
		264353A720C928C600A677C8 /* Debug */ = {
			isa = XCBuildConfiguration;
			buildSettings = {
				ASSETCATALOG_COMPILER_APPICON_NAME = AppIcon;
				CODE_SIGN_STYLE = Automatic;
				DEVELOPMENT_TEAM = 2XF398N82Z;
				INFOPLIST_FILE = "环形颜色渐变进度条制作/Info.plist";
				LD_RUNPATH_SEARCH_PATHS = "$(inherited) @executable_path/Frameworks";
				PRODUCT_BUNDLE_IDENTIFIER = "com.renzhong.-----------";
				PRODUCT_NAME = "$(TARGET_NAME)";
				TARGETED_DEVICE_FAMILY = "1,2";
			};
			name = Debug;
		};
		264353A820C928C600A677C8 /* Release */ = {
			isa = XCBuildConfiguration;
			buildSettings = {
				ASSETCATALOG_COMPILER_APPICON_NAME = AppIcon;
				CODE_SIGN_STYLE = Automatic;
				DEVELOPMENT_TEAM = 2XF398N82Z;
				INFOPLIST_FILE = "环形颜色渐变进度条制作/Info.plist";
				LD_RUNPATH_SEARCH_PATHS = "$(inherited) @executable_path/Frameworks";
				PRODUCT_BUNDLE_IDENTIFIER = "com.renzhong.-----------";
				PRODUCT_NAME = "$(TARGET_NAME)";
				TARGETED_DEVICE_FAMILY = "1,2";
			};
			name = Release;
		};
		264353AA20C928C600A677C8 /* Debug */ = {
			isa = XCBuildConfiguration;
			buildSettings = {
				BUNDLE_LOADER = "$(TEST_HOST)";
				CODE_SIGN_STYLE = Automatic;
				DEVELOPMENT_TEAM = 2XF398N82Z;
				INFOPLIST_FILE = "环形颜色渐变进度条制作Tests/Info.plist";
				LD_RUNPATH_SEARCH_PATHS = "$(inherited) @executable_path/Frameworks @loader_path/Frameworks";
				PRODUCT_BUNDLE_IDENTIFIER = "com.renzhong.-----------Tests";
				PRODUCT_NAME = "$(TARGET_NAME)";
				TARGETED_DEVICE_FAMILY = "1,2";
				TEST_HOST = "$(BUILT_PRODUCTS_DIR)/环形颜色渐变进度条制作.app/环形颜色渐变进度条制作";
			};
			name = Debug;
		};
		264353AB20C928C600A677C8 /* Release */ = {
			isa = XCBuildConfiguration;
			buildSettings = {
				BUNDLE_LOADER = "$(TEST_HOST)";
				CODE_SIGN_STYLE = Automatic;
				DEVELOPMENT_TEAM = 2XF398N82Z;
				INFOPLIST_FILE = "环形颜色渐变进度条制作Tests/Info.plist";
				LD_RUNPATH_SEARCH_PATHS = "$(inherited) @executable_path/Frameworks @loader_path/Frameworks";
				PRODUCT_BUNDLE_IDENTIFIER = "com.renzhong.-----------Tests";
				PRODUCT_NAME = "$(TARGET_NAME)";
				TARGETED_DEVICE_FAMILY = "1,2";
				TEST_HOST = "$(BUILT_PRODUCTS_DIR)/环形颜色渐变进度条制作.app/环形颜色渐变进度条制作";
			};
			name = Release;
		};
		264353AD20C928C600A677C8 /* Debug */ = {
			isa = XCBuildConfiguration;
			buildSettings = {
				CODE_SIGN_STYLE = Automatic;
				DEVELOPMENT_TEAM = 2XF398N82Z;
				INFOPLIST_FILE = "环形颜色渐变进度条制作UITests/Info.plist";
				LD_RUNPATH_SEARCH_PATHS = "$(inherited) @executable_path/Frameworks @loader_path/Frameworks";
				PRODUCT_BUNDLE_IDENTIFIER = "com.renzhong.-----------UITests";
				PRODUCT_NAME = "$(TARGET_NAME)";
				TARGETED_DEVICE_FAMILY = "1,2";
				TEST_TARGET_NAME = "环形颜色渐变进度条制作";
			};
			name = Debug;
		};
		264353AE20C928C600A677C8 /* Release */ = {
			isa = XCBuildConfiguration;
			buildSettings = {
				CODE_SIGN_STYLE = Automatic;
				DEVELOPMENT_TEAM = 2XF398N82Z;
				INFOPLIST_FILE = "环形颜色渐变进度条制作UITests/Info.plist";
				LD_RUNPATH_SEARCH_PATHS = "$(inherited) @executable_path/Frameworks @loader_path/Frameworks";
				PRODUCT_BUNDLE_IDENTIFIER = "com.renzhong.-----------UITests";
				PRODUCT_NAME = "$(TARGET_NAME)";
				TARGETED_DEVICE_FAMILY = "1,2";
				TEST_TARGET_NAME = "环形颜色渐变进度条制作";
			};
			name = Release;
		};
/* End XCBuildConfiguration section */

/* Begin XCConfigurationList section */
		2643537520C928C500A677C8 /* Build configuration list for PBXProject "环形颜色渐变进度条制作" */ = {
			isa = XCConfigurationList;
			buildConfigurations = (
				264353A420C928C600A677C8 /* Debug */,
				264353A520C928C600A677C8 /* Release */,
			);
			defaultConfigurationIsVisible = 0;
			defaultConfigurationName = Release;
		};
		264353A620C928C600A677C8 /* Build configuration list for PBXNativeTarget "环形颜色渐变进度条制作" */ = {
			isa = XCConfigurationList;
			buildConfigurations = (
				264353A720C928C600A677C8 /* Debug */,
				264353A820C928C600A677C8 /* Release */,
			);
			defaultConfigurationIsVisible = 0;
			defaultConfigurationName = Release;
		};
		264353A920C928C600A677C8 /* Build configuration list for PBXNativeTarget "环形颜色渐变进度条制作Tests" */ = {
			isa = XCConfigurationList;
			buildConfigurations = (
				264353AA20C928C600A677C8 /* Debug */,
				264353AB20C928C600A677C8 /* Release */,
			);
			defaultConfigurationIsVisible = 0;
			defaultConfigurationName = Release;
		};
		264353AC20C928C600A677C8 /* Build configuration list for PBXNativeTarget "环形颜色渐变进度条制作UITests" */ = {
			isa = XCConfigurationList;
			buildConfigurations = (
				264353AD20C928C600A677C8 /* Debug */,
				264353AE20C928C600A677C8 /* Release */,
			);
			defaultConfigurationIsVisible = 0;
			defaultConfigurationName = Release;
		};
/* End XCConfigurationList section */
	};
	rootObject = 2643537220C928C500A677C8 /* Project object */;
}
